<?xml version="1.0" encoding="utf-8"?>
<Project ToolsVersion="4.0" xmlns="http://schemas.microsoft.com/developer/msbuild/2003">
  <ItemGroup>
    <Filter Include="Source">
      <UniqueIdentifier>{4FC737F1-C7A5-4376-A066-2A32D752A2FF}</UniqueIdentifier>
      <Extensions>cpp;c;cc;cxx;c++;cppm;ixx;def;odl;idl;hpj;bat;asm;asmx</Extensions>
    </Filter>
    <Filter Include="Headers">
      <UniqueIdentifier>{93995380-89BD-4b04-88EB-625FBE52EBFB}</UniqueIdentifier>
      <Extensions>h;hh;hpp;hxx;h++;hm;inl;inc;ipp;xsd</Extensions>
    </Filter>
    <Filter Include="Resources">
      <UniqueIdentifier>{67DA6AB6-F800-4c08-8B7A-83BB121AAD01}</UniqueIdentifier>
      <Extensions>rc;ico;cur;bmp;dlg;rc2;rct;bin;rgs;gif;jpg;jpeg;jpe;resx;tiff;tif;png;wav;mfcribbon-ms</Extensions>
    </Filter>
    <Filter Include="Source\Agent">
      <UniqueIdentifier>{1d5785ed-7177-4edd-b33c-a1ca0256fef5}</UniqueIdentifier>
    </Filter>
    <Filter Include="Headers\Agent">
      <UniqueIdentifier>{9388f9a8-ed9f-4534-95b0-df703ef01a75}</UniqueIdentifier>
    </Filter>
    <Filter Include="Source\Encrypt">
      <UniqueIdentifier>{0e959577-b36c-43ca-9898-ab7519a17459}</UniqueIdentifier>
    </Filter>
    <Filter Include="Headers\Encrypt">
      <UniqueIdentifier>{7ee86ebc-a959-4493-9bc2-a2b1597f1337}</UniqueIdentifier>
    </Filter>
    <Filter Include="Source\utils">
      <UniqueIdentifier>{f0007444-cc35-49e8-afb3-0d7e04ab2fe3}</UniqueIdentifier>
    </Filter>
    <Filter Include="Headers\utils">
      <UniqueIdentifier>{31592d34-a5db-4b5b-99e6-86789fd5c5bc}</UniqueIdentifier>
    </Filter>
    <Filter Include="Source\Commander">
      <UniqueIdentifier>{174c2aaf-8976-4bee-a901-e812ceb3adfb}</UniqueIdentifier>
    </Filter>
    <Filter Include="Headers\Commander">
      <UniqueIdentifier>{aab2f128-c956-4338-8112-eb6add9224a0}</UniqueIdentifier>
    </Filter>
    <Filter Include="Headers\Commander\BOF">
      <UniqueIdentifier>{b0e0adee-9aa6-42f6-ab51-45c63118e2e7}</UniqueIdentifier>
    </Filter>
    <Filter Include="Source\Commander\BOF">
      <UniqueIdentifier>{d5a9b678-296c-452a-aa31-c4262d91d985}</UniqueIdentifier>
    </Filter>
    <Filter Include="Headers\ApiLoader">
      <UniqueIdentifier>{105ed7ee-3bc4-4b29-bad4-30dac5b9460a}</UniqueIdentifier>
    </Filter>
    <Filter Include="Source\ApiLoader">
      <UniqueIdentifier>{75ea1e98-244a-4ba6-861a-9c877f9e4133}</UniqueIdentifier>
    </Filter>
    <Filter Include="Source\Connectors">
      <UniqueIdentifier>{794a84d3-d343-4aa1-9c08-cab08b06fd1d}</UniqueIdentifier>
    </Filter>
    <Filter Include="Headers\Connectors">
      <UniqueIdentifier>{c7e8b0b0-37fd-4e3d-8561-9569fda4fa5b}</UniqueIdentifier>
    </Filter>
  </ItemGroup>
  <ItemGroup>
    <ClCompile Include="main.cpp">
      <Filter>Source</Filter>
    </ClCompile>
    <ClCompile Include="MainAgent.cpp">
      <Filter>Source</Filter>
    </ClCompile>
    <ClCompile Include="Packer.cpp">
      <Filter>Source</Filter>
    </ClCompile>
    <ClCompile Include="Agent.cpp">
      <Filter>Source\Agent</Filter>
    </ClCompile>
    <ClCompile Include="AgentConfig.cpp">
      <Filter>Source\Agent</Filter>
    </ClCompile>
    <ClCompile Include="AgentInfo.cpp">
      <Filter>Source\Agent</Filter>
    </ClCompile>
    <ClCompile Include="Encoders.cpp">
      <Filter>Source\Encrypt</Filter>
    </ClCompile>
    <ClCompile Include="utils.cpp">
      <Filter>Source\utils</Filter>
    </ClCompile>
    <ClCompile Include="Commander.cpp">
      <Filter>Source\Commander</Filter>
    </ClCompile>
    <ClCompile Include="Downloader.cpp">
      <Filter>Source\Commander</Filter>
    </ClCompile>
    <ClCompile Include="MemorySaver.cpp">
      <Filter>Source\Commander</Filter>
    </ClCompile>
    <ClCompile Include="JobsController.cpp">
      <Filter>Source\Commander</Filter>
    </ClCompile>
    <ClCompile Include="Boffer.cpp">
      <Filter>Source\Commander\BOF</Filter>
    </ClCompile>
    <ClCompile Include="beacon_functions.cpp">
      <Filter>Source\Commander\BOF</Filter>
    </ClCompile>
    <ClCompile Include="Crypt.cpp">
      <Filter>Source\Encrypt</Filter>
    </ClCompile>
    <ClCompile Include="WaitMask.cpp">
      <Filter>Source</Filter>
    </ClCompile>
    <ClCompile Include="std.cpp">
      <Filter>Source\utils</Filter>
    </ClCompile>
    <ClCompile Include="ApiLoader.cpp">
      <Filter>Source\ApiLoader</Filter>
    </ClCompile>
    <ClCompile Include="ProcLoader.cpp">
      <Filter>Source\ApiLoader</Filter>
    </ClCompile>
    <ClCompile Include="config.cpp">
      <Filter>Source\Agent</Filter>
    </ClCompile>
    <ClCompile Include="Proxyfire.cpp">
      <Filter>Source\Commander</Filter>
    </ClCompile>
    <ClCompile Include="ConnectorHTTP.cpp">
      <Filter>Source\Connectors</Filter>
    </ClCompile>
    <ClCompile Include="ConnectorSMB.cpp">
      <Filter>Source\Connectors</Filter>
    </ClCompile>
    <ClCompile Include="Pivotter.cpp">
      <Filter>Source\Commander</Filter>
    </ClCompile>
  </ItemGroup>
  <ItemGroup>
    <ClInclude Include="main.h">
      <Filter>Headers</Filter>
    </ClInclude>
    <ClInclude Include="defines.h">
      <Filter>Headers</Filter>
    </ClInclude>
    <ClInclude Include="Packer.h">
      <Filter>Headers</Filter>
    </ClInclude>
    <ClInclude Include="ntdll.h">
      <Filter>Headers</Filter>
    </ClInclude>
    <ClInclude Include="Agent.h">
      <Filter>Headers\Agent</Filter>
    </ClInclude>
    <ClInclude Include="AgentConfig.h">
      <Filter>Headers\Agent</Filter>
    </ClInclude>
    <ClInclude Include="AgentInfo.h">
      <Filter>Headers\Agent</Filter>
    </ClInclude>
    <ClInclude Include="Encoders.h">
      <Filter>Headers\Encrypt</Filter>
    </ClInclude>
    <ClInclude Include="utils.h">
      <Filter>Headers\utils</Filter>
    </ClInclude>
    <ClInclude Include="Commander.h">
      <Filter>Headers\Commander</Filter>
    </ClInclude>
    <ClInclude Include="Downloader.h">
      <Filter>Headers\Commander</Filter>
    </ClInclude>
    <ClInclude Include="MemorySaver.h">
      <Filter>Headers\Commander</Filter>
    </ClInclude>
    <ClInclude Include="JobsController.h">
      <Filter>Headers\Commander</Filter>
    </ClInclude>
    <ClInclude Include="Boffer.h">
      <Filter>Headers\Commander\BOF</Filter>
    </ClInclude>
    <ClInclude Include="beacon.h">
      <Filter>Headers\Commander\BOF</Filter>
    </ClInclude>
    <ClInclude Include="Crypt.h">
      <Filter>Headers\Encrypt</Filter>
    </ClInclude>
    <ClInclude Include="WaitMask.h">
      <Filter>Headers</Filter>
    </ClInclude>
    <ClInclude Include="ApiLoader.h">
      <Filter>Headers\ApiLoader</Filter>
    </ClInclude>
    <ClInclude Include="ProcLoader.h">
      <Filter>Headers\ApiLoader</Filter>
    </ClInclude>
    <ClInclude Include="ApiDefines.h">
      <Filter>Headers\ApiLoader</Filter>
    </ClInclude>
    <ClInclude Include="config.h">
      <Filter>Headers\Agent</Filter>
    </ClInclude>
    <ClInclude Include="Proxyfire.h">
      <Filter>Headers\Commander</Filter>
    </ClInclude>
    <ClInclude Include="ConnectorHTTP.h">
      <Filter>Headers\Connectors</Filter>
    </ClInclude>
    <ClInclude Include="ConnectorSMB.h">
      <Filter>Headers\Connectors</Filter>
    </ClInclude>
    <ClInclude Include="Pivotter.h">
      <Filter>Headers\Commander</Filter>
    </ClInclude>
  </ItemGroup>
</Project>