github.com/Adaptix-Framework/axc2 v0.8.0 h1:koyDwD+f06J0oTIObHKtuU/kk7iTTWDwNbIhbs4q7uw=
github.com/Adaptix-Framework/axc2 v0.8.0/go.mod h1:jQ9Yca/qAs1xnMseCH4zGAeV4r0xps/xmXq5B6f9jog=
golang.org/x/text v0.28.0 h1:rhazDwis8INMIwQ4tpjLDzUhx6RlXqZNPEM0huQojng=
golang.org/x/text v0.28.0/go.mod h1:U8nCwOR8jO/marOQ0QbDiOngZVEBB7MAiitBuMjXiNU=
