github.com/Adaptix-Framework/axc2 v0.4.0 h1:S6TVT/FYBMqxV5R4DtQhRlx/Op43z6wfgRn9OKt+v7M=
github.com/Adaptix-Framework/axc2 v0.4.0/go.mod h1:jQ9Yca/qAs1xnMseCH4zGAeV4r0xps/xmXq5B6f9jog=
golang.org/x/text v0.24.0 h1:dd5Bzh4yt5KYA8f9CJHCP4FB4D51c2c6JvN37xJJkJ0=
golang.org/x/text v0.24.0/go.mod h1:L8rBsPeo2pSS+xqN0d5u2ikmjtmoJbDBT1b7nHvFCdU=
golang.org/x/text v0.25.0 h1:qVyWApTSYLk/drJRO5mDlNYskwQznZmkpV2c8q9zls4=
golang.org/x/text v0.25.0/go.mod h1:WEdwpYrmk1qmdHvhkSTNPm3app7v4rsT8F2UD6+VHIA=
