github.com/Adaptix-Framework/axc2/v2 v2.0.14 h1:ZJ4E9zlqhwC0eP1K+UShyEp4UCQ0KMCIC6wxISl0ap4=
github.com/Adaptix-Framework/axsafe v0.0.0-20260712144531-7ba271ad9303 h1:+76vAhnBfvYhARWoNy4S1d+wNY1sj472nq1YkNs+IoU=
github.com/stretchr/testify v1.12.1 h1:EuwCh5fleGS7H32xRwO3wRGT7DxrDhLAT6FF8MpWDWE=
github.com/vmihailenco/msgpack/v5 v5.4.1 h1:cQriyiUvjTwOHg8QZaPihLWeRAAVoCpE00IUPn0Bjt8=
github.com/vmihailenco/tagparser/v2 v2.0.0 h1:y09buUbR+b5aycVFQs/g70pqKVZNBmxwAhO7/IwNM9g=
go.yaml.in/yaml/v3 v3.0.5 h1:N6y/pJk8buWs9NY5ERU2HSMfm+IuD/OtfdAnq6kESPw=
